
Microsoft Visual Studio Solution File, Format Version 12.00
# Visual Studio 14
VisualStudioVersion = 14.0.25420.1
MinimumVisualStudioVersion = 10.0.40219.1
Project("{FAE04EC0-301F-11D3-BF4B-00C04F79EFBC}") = "CactusSoft.Stierlitz.Application", "CactusSoft.Stierlitz.Application\CactusSoft.Stierlitz.Application.csproj", "{1635401E-2406-4971-A3B3-CFBA2A8EDCF2}"
EndProject
Project("{FAE04EC0-301F-11D3-BF4B-00C04F79EFBC}") = "CactusSoft.Stierlitz.Localization", "CactusSoft.Stierlitz.Localization\CactusSoft.Stierlitz.Localization.csproj", "{D9039BCE-C4B0-4D59-910D-D5F764B95114}"
EndProject
Project("{FAE04EC0-301F-11D3-BF4B-00C04F79EFBC}") = "CactusSoft.Stierlitz.Domain", "CactusSoft.Stierlitz.Domain\CactusSoft.Stierlitz.Domain.csproj", "{685D057B-75D8-4BD1-A1D3-2B4147B2AE0C}"
EndProject
Project("{FAE04EC0-301F-11D3-BF4B-00C04F79EFBC}") = "CactusSoft.Stierlitz.Common", "CactusSoft.Stierlitz.Common\CactusSoft.Stierlitz.Common.csproj", "{AE4C93FF-E681-487D-9AFA-5C051384EDCC}"
EndProject
Project("{FAE04EC0-301F-11D3-BF4B-00C04F79EFBC}") = "CactusSoft.Stierlitz.Services", "CactusSoft.Stierlitz.Services\CactusSoft.Stierlitz.Services.csproj", "{703F6843-215A-49F2-8656-60B03F90BE6D}"
EndProject
Project("{FAE04EC0-301F-11D3-BF4B-00C04F79EFBC}") = "CactusSoft.Stierlitz.Test", "CactusSoft.Stierlitz.Test\CactusSoft.Stierlitz.Test.csproj", "{13A101A4-B586-482D-9C0E-26CAB0DE48B1}"
EndProject
Global
	GlobalSection(SolutionConfigurationPlatforms) = preSolution
		Debug|Any CPU = Debug|Any CPU
		Debug|ARM = Debug|ARM
		Debug|x86 = Debug|x86
		Diagnostics|Any CPU = Diagnostics|Any CPU
		Diagnostics|ARM = Diagnostics|ARM
		Diagnostics|x86 = Diagnostics|x86
		Release|Any CPU = Release|Any CPU
		Release|ARM = Release|ARM
		Release|x86 = Release|x86
	EndGlobalSection
	GlobalSection(ProjectConfigurationPlatforms) = postSolution
		{1635401E-2406-4971-A3B3-CFBA2A8EDCF2}.Debug|Any CPU.ActiveCfg = Debug|Any CPU
		{1635401E-2406-4971-A3B3-CFBA2A8EDCF2}.Debug|Any CPU.Build.0 = Debug|Any CPU
		{1635401E-2406-4971-A3B3-CFBA2A8EDCF2}.Debug|Any CPU.Deploy.0 = Debug|Any CPU
		{1635401E-2406-4971-A3B3-CFBA2A8EDCF2}.Debug|ARM.ActiveCfg = Debug|ARM
		{1635401E-2406-4971-A3B3-CFBA2A8EDCF2}.Debug|ARM.Build.0 = Debug|ARM
		{1635401E-2406-4971-A3B3-CFBA2A8EDCF2}.Debug|ARM.Deploy.0 = Debug|ARM
		{1635401E-2406-4971-A3B3-CFBA2A8EDCF2}.Debug|x86.ActiveCfg = Debug|x86
		{1635401E-2406-4971-A3B3-CFBA2A8EDCF2}.Debug|x86.Build.0 = Debug|x86
		{1635401E-2406-4971-A3B3-CFBA2A8EDCF2}.Debug|x86.Deploy.0 = Debug|x86
		{1635401E-2406-4971-A3B3-CFBA2A8EDCF2}.Diagnostics|Any CPU.ActiveCfg = Diagnostics|Any CPU
		{1635401E-2406-4971-A3B3-CFBA2A8EDCF2}.Diagnostics|Any CPU.Build.0 = Diagnostics|Any CPU
		{1635401E-2406-4971-A3B3-CFBA2A8EDCF2}.Diagnostics|Any CPU.Deploy.0 = Diagnostics|Any CPU
		{1635401E-2406-4971-A3B3-CFBA2A8EDCF2}.Diagnostics|ARM.ActiveCfg = Diagnostics|ARM
		{1635401E-2406-4971-A3B3-CFBA2A8EDCF2}.Diagnostics|ARM.Build.0 = Diagnostics|ARM
		{1635401E-2406-4971-A3B3-CFBA2A8EDCF2}.Diagnostics|ARM.Deploy.0 = Diagnostics|ARM
		{1635401E-2406-4971-A3B3-CFBA2A8EDCF2}.Diagnostics|x86.ActiveCfg = Diagnostics|x86
		{1635401E-2406-4971-A3B3-CFBA2A8EDCF2}.Diagnostics|x86.Build.0 = Diagnostics|x86
		{1635401E-2406-4971-A3B3-CFBA2A8EDCF2}.Diagnostics|x86.Deploy.0 = Diagnostics|x86
		{1635401E-2406-4971-A3B3-CFBA2A8EDCF2}.Release|Any CPU.ActiveCfg = Release|Any CPU
		{1635401E-2406-4971-A3B3-CFBA2A8EDCF2}.Release|Any CPU.Build.0 = Release|Any CPU
		{1635401E-2406-4971-A3B3-CFBA2A8EDCF2}.Release|Any CPU.Deploy.0 = Release|Any CPU
		{1635401E-2406-4971-A3B3-CFBA2A8EDCF2}.Release|ARM.ActiveCfg = Release|ARM
		{1635401E-2406-4971-A3B3-CFBA2A8EDCF2}.Release|ARM.Build.0 = Release|ARM
		{1635401E-2406-4971-A3B3-CFBA2A8EDCF2}.Release|ARM.Deploy.0 = Release|ARM
		{1635401E-2406-4971-A3B3-CFBA2A8EDCF2}.Release|x86.ActiveCfg = Release|x86
		{1635401E-2406-4971-A3B3-CFBA2A8EDCF2}.Release|x86.Build.0 = Release|x86
		{1635401E-2406-4971-A3B3-CFBA2A8EDCF2}.Release|x86.Deploy.0 = Release|x86
		{D9039BCE-C4B0-4D59-910D-D5F764B95114}.Debug|Any CPU.ActiveCfg = Debug|Any CPU
		{D9039BCE-C4B0-4D59-910D-D5F764B95114}.Debug|Any CPU.Build.0 = Debug|Any CPU
		{D9039BCE-C4B0-4D59-910D-D5F764B95114}.Debug|ARM.ActiveCfg = Debug|ARM
		{D9039BCE-C4B0-4D59-910D-D5F764B95114}.Debug|ARM.Build.0 = Debug|ARM
		{D9039BCE-C4B0-4D59-910D-D5F764B95114}.Debug|x86.ActiveCfg = Debug|x86
		{D9039BCE-C4B0-4D59-910D-D5F764B95114}.Debug|x86.Build.0 = Debug|x86
		{D9039BCE-C4B0-4D59-910D-D5F764B95114}.Diagnostics|Any CPU.ActiveCfg = Debug|Any CPU
		{D9039BCE-C4B0-4D59-910D-D5F764B95114}.Diagnostics|Any CPU.Build.0 = Debug|Any CPU
		{D9039BCE-C4B0-4D59-910D-D5F764B95114}.Diagnostics|ARM.ActiveCfg = Debug|ARM
		{D9039BCE-C4B0-4D59-910D-D5F764B95114}.Diagnostics|ARM.Build.0 = Debug|ARM
		{D9039BCE-C4B0-4D59-910D-D5F764B95114}.Diagnostics|x86.ActiveCfg = Debug|x86
		{D9039BCE-C4B0-4D59-910D-D5F764B95114}.Diagnostics|x86.Build.0 = Debug|x86
		{D9039BCE-C4B0-4D59-910D-D5F764B95114}.Release|Any CPU.ActiveCfg = Release|Any CPU
		{D9039BCE-C4B0-4D59-910D-D5F764B95114}.Release|Any CPU.Build.0 = Release|Any CPU
		{D9039BCE-C4B0-4D59-910D-D5F764B95114}.Release|ARM.ActiveCfg = Release|ARM
		{D9039BCE-C4B0-4D59-910D-D5F764B95114}.Release|ARM.Build.0 = Release|ARM
		{D9039BCE-C4B0-4D59-910D-D5F764B95114}.Release|x86.ActiveCfg = Release|x86
		{D9039BCE-C4B0-4D59-910D-D5F764B95114}.Release|x86.Build.0 = Release|x86
		{685D057B-75D8-4BD1-A1D3-2B4147B2AE0C}.Debug|Any CPU.ActiveCfg = Debug|Any CPU
		{685D057B-75D8-4BD1-A1D3-2B4147B2AE0C}.Debug|Any CPU.Build.0 = Debug|Any CPU
		{685D057B-75D8-4BD1-A1D3-2B4147B2AE0C}.Debug|ARM.ActiveCfg = Debug|ARM
		{685D057B-75D8-4BD1-A1D3-2B4147B2AE0C}.Debug|ARM.Build.0 = Debug|ARM
		{685D057B-75D8-4BD1-A1D3-2B4147B2AE0C}.Debug|x86.ActiveCfg = Debug|x86
		{685D057B-75D8-4BD1-A1D3-2B4147B2AE0C}.Debug|x86.Build.0 = Debug|x86
		{685D057B-75D8-4BD1-A1D3-2B4147B2AE0C}.Diagnostics|Any CPU.ActiveCfg = Debug|Any CPU
		{685D057B-75D8-4BD1-A1D3-2B4147B2AE0C}.Diagnostics|Any CPU.Build.0 = Debug|Any CPU
		{685D057B-75D8-4BD1-A1D3-2B4147B2AE0C}.Diagnostics|ARM.ActiveCfg = Debug|ARM
		{685D057B-75D8-4BD1-A1D3-2B4147B2AE0C}.Diagnostics|ARM.Build.0 = Debug|ARM
		{685D057B-75D8-4BD1-A1D3-2B4147B2AE0C}.Diagnostics|x86.ActiveCfg = Debug|x86
		{685D057B-75D8-4BD1-A1D3-2B4147B2AE0C}.Diagnostics|x86.Build.0 = Debug|x86
		{685D057B-75D8-4BD1-A1D3-2B4147B2AE0C}.Release|Any CPU.ActiveCfg = Release|Any CPU
		{685D057B-75D8-4BD1-A1D3-2B4147B2AE0C}.Release|Any CPU.Build.0 = Release|Any CPU
		{685D057B-75D8-4BD1-A1D3-2B4147B2AE0C}.Release|ARM.ActiveCfg = Release|ARM
		{685D057B-75D8-4BD1-A1D3-2B4147B2AE0C}.Release|ARM.Build.0 = Release|ARM
		{685D057B-75D8-4BD1-A1D3-2B4147B2AE0C}.Release|x86.ActiveCfg = Release|x86
		{685D057B-75D8-4BD1-A1D3-2B4147B2AE0C}.Release|x86.Build.0 = Release|x86
		{AE4C93FF-E681-487D-9AFA-5C051384EDCC}.Debug|Any CPU.ActiveCfg = Debug|Any CPU
		{AE4C93FF-E681-487D-9AFA-5C051384EDCC}.Debug|Any CPU.Build.0 = Debug|Any CPU
		{AE4C93FF-E681-487D-9AFA-5C051384EDCC}.Debug|ARM.ActiveCfg = Debug|ARM
		{AE4C93FF-E681-487D-9AFA-5C051384EDCC}.Debug|ARM.Build.0 = Debug|ARM
		{AE4C93FF-E681-487D-9AFA-5C051384EDCC}.Debug|x86.ActiveCfg = Debug|x86
		{AE4C93FF-E681-487D-9AFA-5C051384EDCC}.Debug|x86.Build.0 = Debug|x86
		{AE4C93FF-E681-487D-9AFA-5C051384EDCC}.Diagnostics|Any CPU.ActiveCfg = Debug|Any CPU
		{AE4C93FF-E681-487D-9AFA-5C051384EDCC}.Diagnostics|Any CPU.Build.0 = Debug|Any CPU
		{AE4C93FF-E681-487D-9AFA-5C051384EDCC}.Diagnostics|ARM.ActiveCfg = Debug|ARM
		{AE4C93FF-E681-487D-9AFA-5C051384EDCC}.Diagnostics|ARM.Build.0 = Debug|ARM
		{AE4C93FF-E681-487D-9AFA-5C051384EDCC}.Diagnostics|x86.ActiveCfg = Debug|x86
		{AE4C93FF-E681-487D-9AFA-5C051384EDCC}.Diagnostics|x86.Build.0 = Debug|x86
		{AE4C93FF-E681-487D-9AFA-5C051384EDCC}.Release|Any CPU.ActiveCfg = Release|Any CPU
		{AE4C93FF-E681-487D-9AFA-5C051384EDCC}.Release|Any CPU.Build.0 = Release|Any CPU
		{AE4C93FF-E681-487D-9AFA-5C051384EDCC}.Release|ARM.ActiveCfg = Release|ARM
		{AE4C93FF-E681-487D-9AFA-5C051384EDCC}.Release|ARM.Build.0 = Release|ARM
		{AE4C93FF-E681-487D-9AFA-5C051384EDCC}.Release|x86.ActiveCfg = Release|x86
		{AE4C93FF-E681-487D-9AFA-5C051384EDCC}.Release|x86.Build.0 = Release|x86
		{703F6843-215A-49F2-8656-60B03F90BE6D}.Debug|Any CPU.ActiveCfg = Debug|Any CPU
		{703F6843-215A-49F2-8656-60B03F90BE6D}.Debug|Any CPU.Build.0 = Debug|Any CPU
		{703F6843-215A-49F2-8656-60B03F90BE6D}.Debug|ARM.ActiveCfg = Debug|ARM
		{703F6843-215A-49F2-8656-60B03F90BE6D}.Debug|ARM.Build.0 = Debug|ARM
		{703F6843-215A-49F2-8656-60B03F90BE6D}.Debug|x86.ActiveCfg = Debug|x86
		{703F6843-215A-49F2-8656-60B03F90BE6D}.Debug|x86.Build.0 = Debug|x86
		{703F6843-215A-49F2-8656-60B03F90BE6D}.Diagnostics|Any CPU.ActiveCfg = Debug|Any CPU
		{703F6843-215A-49F2-8656-60B03F90BE6D}.Diagnostics|Any CPU.Build.0 = Debug|Any CPU
		{703F6843-215A-49F2-8656-60B03F90BE6D}.Diagnostics|ARM.ActiveCfg = Debug|ARM
		{703F6843-215A-49F2-8656-60B03F90BE6D}.Diagnostics|ARM.Build.0 = Debug|ARM
		{703F6843-215A-49F2-8656-60B03F90BE6D}.Diagnostics|x86.ActiveCfg = Debug|x86
		{703F6843-215A-49F2-8656-60B03F90BE6D}.Diagnostics|x86.Build.0 = Debug|x86
		{703F6843-215A-49F2-8656-60B03F90BE6D}.Release|Any CPU.ActiveCfg = Release|Any CPU
		{703F6843-215A-49F2-8656-60B03F90BE6D}.Release|Any CPU.Build.0 = Release|Any CPU
		{703F6843-215A-49F2-8656-60B03F90BE6D}.Release|ARM.ActiveCfg = Release|ARM
		{703F6843-215A-49F2-8656-60B03F90BE6D}.Release|ARM.Build.0 = Release|ARM
		{703F6843-215A-49F2-8656-60B03F90BE6D}.Release|x86.ActiveCfg = Release|x86
		{703F6843-215A-49F2-8656-60B03F90BE6D}.Release|x86.Build.0 = Release|x86
		{13A101A4-B586-482D-9C0E-26CAB0DE48B1}.Debug|Any CPU.ActiveCfg = Debug|Any CPU
		{13A101A4-B586-482D-9C0E-26CAB0DE48B1}.Debug|Any CPU.Build.0 = Debug|Any CPU
		{13A101A4-B586-482D-9C0E-26CAB0DE48B1}.Debug|Any CPU.Deploy.0 = Debug|Any CPU
		{13A101A4-B586-482D-9C0E-26CAB0DE48B1}.Debug|ARM.ActiveCfg = Debug|ARM
		{13A101A4-B586-482D-9C0E-26CAB0DE48B1}.Debug|ARM.Build.0 = Debug|ARM
		{13A101A4-B586-482D-9C0E-26CAB0DE48B1}.Debug|ARM.Deploy.0 = Debug|ARM
		{13A101A4-B586-482D-9C0E-26CAB0DE48B1}.Debug|x86.ActiveCfg = Debug|x86
		{13A101A4-B586-482D-9C0E-26CAB0DE48B1}.Debug|x86.Build.0 = Debug|x86
		{13A101A4-B586-482D-9C0E-26CAB0DE48B1}.Debug|x86.Deploy.0 = Debug|x86
		{13A101A4-B586-482D-9C0E-26CAB0DE48B1}.Diagnostics|Any CPU.ActiveCfg = Debug|Any CPU
		{13A101A4-B586-482D-9C0E-26CAB0DE48B1}.Diagnostics|Any CPU.Build.0 = Debug|Any CPU
		{13A101A4-B586-482D-9C0E-26CAB0DE48B1}.Diagnostics|Any CPU.Deploy.0 = Debug|Any CPU
		{13A101A4-B586-482D-9C0E-26CAB0DE48B1}.Diagnostics|ARM.ActiveCfg = Debug|ARM
		{13A101A4-B586-482D-9C0E-26CAB0DE48B1}.Diagnostics|ARM.Build.0 = Debug|ARM
		{13A101A4-B586-482D-9C0E-26CAB0DE48B1}.Diagnostics|ARM.Deploy.0 = Debug|ARM
		{13A101A4-B586-482D-9C0E-26CAB0DE48B1}.Diagnostics|x86.ActiveCfg = Debug|x86
		{13A101A4-B586-482D-9C0E-26CAB0DE48B1}.Diagnostics|x86.Build.0 = Debug|x86
		{13A101A4-B586-482D-9C0E-26CAB0DE48B1}.Diagnostics|x86.Deploy.0 = Debug|x86
		{13A101A4-B586-482D-9C0E-26CAB0DE48B1}.Release|Any CPU.ActiveCfg = Release|Any CPU
		{13A101A4-B586-482D-9C0E-26CAB0DE48B1}.Release|Any CPU.Build.0 = Release|Any CPU
		{13A101A4-B586-482D-9C0E-26CAB0DE48B1}.Release|Any CPU.Deploy.0 = Release|Any CPU
		{13A101A4-B586-482D-9C0E-26CAB0DE48B1}.Release|ARM.ActiveCfg = Release|ARM
		{13A101A4-B586-482D-9C0E-26CAB0DE48B1}.Release|ARM.Build.0 = Release|ARM
		{13A101A4-B586-482D-9C0E-26CAB0DE48B1}.Release|ARM.Deploy.0 = Release|ARM
		{13A101A4-B586-482D-9C0E-26CAB0DE48B1}.Release|x86.ActiveCfg = Release|x86
		{13A101A4-B586-482D-9C0E-26CAB0DE48B1}.Release|x86.Build.0 = Release|x86
		{13A101A4-B586-482D-9C0E-26CAB0DE48B1}.Release|x86.Deploy.0 = Release|x86
	EndGlobalSection
	GlobalSection(SolutionProperties) = preSolution
		HideSolutionNode = FALSE
	EndGlobalSection
EndGlobal
